
Microsoft Visual Studio Solution File, Format Version 12.00
# Visual Studio Version 17
VisualStudioVersion = 17.2.32519.379
MinimumVisualStudioVersion = 10.0.40219.1
Project("{FAE04EC0-301F-11D3-BF4B-00C04F79EFBC}") = "button game", "button game\button game.csproj", "{D6197820-07CA-4CF9-8B54-5A4653EC05B2}"
EndProject
Global
	GlobalSection(SolutionConfigurationPlatforms) = preSolution
		Debug|Any CPU = Debug|Any CPU
		Release|Any CPU = Release|Any CPU
	EndGlobalSection
	GlobalSection(ProjectConfigurationPlatforms) = postSolution
		{D6197820-07CA-4CF9-8B54-5A4653EC05B2}.Debug|Any CPU.ActiveCfg = Debug|Any CPU
		{D6197820-07CA-4CF9-8B54-5A4653EC05B2}.Debug|Any CPU.Build.0 = Debug|Any CPU
		{D6197820-07CA-4CF9-8B54-5A4653EC05B2}.Release|Any CPU.ActiveCfg = Release|Any CPU
		{D6197820-07CA-4CF9-8B54-5A4653EC05B2}.Release|Any CPU.Build.0 = Release|Any CPU
	EndGlobalSection
	GlobalSection(SolutionProperties) = preSolution
		HideSolutionNode = FALSE
	EndGlobalSection
	GlobalSection(ExtensibilityGlobals) = postSolution
		SolutionGuid = {214753D4-88CD-4C0A-B080-68736C610867}
	EndGlobalSection
EndGlobal
